
Microsoft Visual Studio Solution File, Format Version 12.00
# Visual Studio Version 16
VisualStudioVersion = 16.0.30717.126
MinimumVisualStudioVersion = 10.0.40219.1
Project("{FAE04EC0-301F-11D3-BF4B-00C04F79EFBC}") = "flappy bird 2", "flappy bird 2\flappy bird 2.csproj", "{FB301A09-3969-48FA-9FB1-5CC278C9E54F}"
EndProject
Global
	GlobalSection(SolutionConfigurationPlatforms) = preSolution
		Debug|Any CPU = Debug|Any CPU
		Release|Any CPU = Release|Any CPU
	EndGlobalSection
	GlobalSection(ProjectConfigurationPlatforms) = postSolution
		{FB301A09-3969-48FA-9FB1-5CC278C9E54F}.Debug|Any CPU.ActiveCfg = Debug|Any CPU
		{FB301A09-3969-48FA-9FB1-5CC278C9E54F}.Debug|Any CPU.Build.0 = Debug|Any CPU
		{FB301A09-3969-48FA-9FB1-5CC278C9E54F}.Release|Any CPU.ActiveCfg = Release|Any CPU
		{FB301A09-3969-48FA-9FB1-5CC278C9E54F}.Release|Any CPU.Build.0 = Release|Any CPU
	EndGlobalSection
	GlobalSection(SolutionProperties) = preSolution
		HideSolutionNode = FALSE
	EndGlobalSection
	GlobalSection(ExtensibilityGlobals) = postSolution
		SolutionGuid = {525F2DFD-761E-4C61-9735-71663DE6D4E4}
	EndGlobalSection
EndGlobal
